
Microsoft Visual Studio Solution File, Format Version 12.00
# Visual Studio Version 17
VisualStudioVersion = 17.3.32804.467
MinimumVisualStudioVersion = 10.0.40219.1
Project("{FAE04EC0-301F-11D3-BF4B-00C04F79EFBC}") = "Fundamental", "Fundamental\Fundamental.csproj", "{CC9D1DB1-9603-4BEE-BAE3-6C75E68B79DB}"
EndProject
Global
	GlobalSection(SolutionConfigurationPlatforms) = preSolution
		Debug|Any CPU = Debug|Any CPU
		Release|Any CPU = Release|Any CPU
	EndGlobalSection
	GlobalSection(ProjectConfigurationPlatforms) = postSolution
		{CC9D1DB1-9603-4BEE-BAE3-6C75E68B79DB}.Debug|Any CPU.ActiveCfg = Debug|Any CPU
		{CC9D1DB1-9603-4BEE-BAE3-6C75E68B79DB}.Debug|Any CPU.Build.0 = Debug|Any CPU
		{CC9D1DB1-9603-4BEE-BAE3-6C75E68B79DB}.Release|Any CPU.ActiveCfg = Release|Any CPU
		{CC9D1DB1-9603-4BEE-BAE3-6C75E68B79DB}.Release|Any CPU.Build.0 = Release|Any CPU
	EndGlobalSection
	GlobalSection(SolutionProperties) = preSolution
		HideSolutionNode = FALSE
	EndGlobalSection
	GlobalSection(ExtensibilityGlobals) = postSolution
		SolutionGuid = {26EF642B-7C7A-446F-863E-1FB97F9E8360}
	EndGlobalSection
EndGlobal
